
Microsoft Visual Studio Solution File, Format Version 12.00
# Visual Studio Version 17
VisualStudioVersion = 17.3.32825.248
MinimumVisualStudioVersion = 10.0.40219.1
Project("{FAE04EC0-301F-11D3-BF4B-00C04F79EFBC}") = "OperatorExercise", "OperatorExercise\OperatorExercise.csproj", "{EBF1D747-A736-4D5D-AEF4-0979C73BD4ED}"
EndProject
Global
	GlobalSection(SolutionConfigurationPlatforms) = preSolution
		Debug|Any CPU = Debug|Any CPU
		Release|Any CPU = Release|Any CPU
	EndGlobalSection
	GlobalSection(ProjectConfigurationPlatforms) = postSolution
		{EBF1D747-A736-4D5D-AEF4-0979C73BD4ED}.Debug|Any CPU.ActiveCfg = Debug|Any CPU
		{EBF1D747-A736-4D5D-AEF4-0979C73BD4ED}.Debug|Any CPU.Build.0 = Debug|Any CPU
		{EBF1D747-A736-4D5D-AEF4-0979C73BD4ED}.Release|Any CPU.ActiveCfg = Release|Any CPU
		{EBF1D747-A736-4D5D-AEF4-0979C73BD4ED}.Release|Any CPU.Build.0 = Release|Any CPU
	EndGlobalSection
	GlobalSection(SolutionProperties) = preSolution
		HideSolutionNode = FALSE
	EndGlobalSection
	GlobalSection(ExtensibilityGlobals) = postSolution
		SolutionGuid = {EF80865E-2917-4497-BC73-DB9363DBEE58}
	EndGlobalSection
EndGlobal
